{
  "object": {
    "pins": [
      {
        "package": "Apptimize",
        "repositoryURL": "https://github.com/urbanairship/apptimize-ios-kit",
        "state": {
          "branch": null,
          "revision": "7feae05db04f50afbd9ec66c8d82f43ddd826e45",
          "version": "3.5.8"
        }
      }
    ]
  },
  "version": 1
}
