{
  "object": {
    "pins": [
      {
        "package": "Apptimize",
        "repositoryURL": "https://github.com/urbanairship/apptimize-ios-kit",
        "state": {
          "branch": "master",
          "revision": "1c4972d57c8a5d56a6f15dfa80111d2321e6d5f1",
          "version": null
        }
      }
    ]
  },
  "version": 1
}
