{
  "object": {
    "pins": [
      {
        "package": "Apptimize",
        "repositoryURL": "https://github.com/urbanairship/apptimize-ios-kit",
        "state": {
          "branch": null,
          "revision": "87532874e634c3d0ada8b7aca77fb3b851d41cce",
          "version": "3.5.7"
        }
      }
    ]
  },
  "version": 1
}
